
Microsoft Visual Studio Solution File, Format Version 12.00
# Visual Studio 14
VisualStudioVersion = 14.0.23107.0
MinimumVisualStudioVersion = 10.0.40219.1
Project("{FAE04EC0-301F-11D3-BF4B-00C04F79EFBC}") = "ZSZ.Common", "ZSZ.Common\ZSZ.Common.csproj", "{FEAAB4C2-8429-4195-9AF3-B7B07B62AB7C}"
EndProject
Project("{FAE04EC0-301F-11D3-BF4B-00C04F79EFBC}") = "ZSZ.Test", "ZSZ.Test\ZSZ.Test.csproj", "{3A031ABC-2F94-45A6-8A45-C807EFFCD00D}"
EndProject
Project("{FAE04EC0-301F-11D3-BF4B-00C04F79EFBC}") = "WebApplication1", "WebApplication1\WebApplication1.csproj", "{E79F700B-794B-423C-9BC0-F53C23EE7D0C}"
EndProject
Project("{FAE04EC0-301F-11D3-BF4B-00C04F79EFBC}") = "IBLL", "IBLL\IBLL.csproj", "{0AB571D7-052D-463A-B7AB-3BEDF6C2BD13}"
EndProject
Project("{FAE04EC0-301F-11D3-BF4B-00C04F79EFBC}") = "BLLImplement", "BLLImplement\BLLImplement.csproj", "{70CA2579-33EB-40DC-977F-E462D941D6A6}"
EndProject
Project("{2150E333-8FDC-42A3-9474-1A3956D46DE8}") = "tests", "tests", "{35279376-5BB5-4B31-8B0C-868121CC24B4}"
EndProject
Project("{FAE04EC0-301F-11D3-BF4B-00C04F79EFBC}") = "WebApplication2", "WebApplication2\WebApplication2.csproj", "{2CF26244-6F50-46C1-BDFB-0E45DA1AD37F}"
EndProject
Project("{FAE04EC0-301F-11D3-BF4B-00C04F79EFBC}") = "TestIService", "TestIService\TestIService.csproj", "{7987BA7F-5FAF-4180-8139-1F8B39E0B61F}"
EndProject
Project("{FAE04EC0-301F-11D3-BF4B-00C04F79EFBC}") = "TestService", "TestService\TestService.csproj", "{3B56C4DD-C32D-4C1A-B417-F725FB691613}"
EndProject
Project("{FAE04EC0-301F-11D3-BF4B-00C04F79EFBC}") = "ZSZ.CommonMVC", "ZSZ.CommonMVC\ZSZ.CommonMVC.csproj", "{717B9384-20C4-4659-9E69-A716F55F369F}"
EndProject
Project("{FAE04EC0-301F-11D3-BF4B-00C04F79EFBC}") = "ModelBinder1", "ModelBinder1\ModelBinder1.csproj", "{42540699-23FB-4843-83E5-6C315DEE6E49}"
EndProject
Project("{2150E333-8FDC-42A3-9474-1A3956D46DE8}") = "UnitTest", "UnitTest", "{E5802EC3-F021-4F69-B02C-E6FAB37D7E7D}"
EndProject
Project("{FAE04EC0-301F-11D3-BF4B-00C04F79EFBC}") = "Calc", "Calc\Calc.csproj", "{D708C683-B731-46F6-B14E-49BD77593AC4}"
EndProject
Project("{FAE04EC0-301F-11D3-BF4B-00C04F79EFBC}") = "UnitTestProject1", "UnitTestProject1\UnitTestProject1.csproj", "{CB498865-9605-41B8-9C50-D10814DB3F26}"
EndProject
Project("{FAE04EC0-301F-11D3-BF4B-00C04F79EFBC}") = "ZSZ.Service", "ZSZ.Service\ZSZ.Service.csproj", "{12F4E364-8FEE-42A5-B00A-19F4F1DB6B15}"
EndProject
Project("{FAE04EC0-301F-11D3-BF4B-00C04F79EFBC}") = "ZSZ.IService", "ZSZ.IService\ZSZ.IService.csproj", "{B2E22975-2474-4E8D-A931-BEB28F8C19CE}"
EndProject
Project("{FAE04EC0-301F-11D3-BF4B-00C04F79EFBC}") = "ZSZ.DTO", "ZSZ.DTO\ZSZ.DTO.csproj", "{20808B7B-F6B0-4B1B-90F1-3290608F83B6}"
EndProject
Project("{FAE04EC0-301F-11D3-BF4B-00C04F79EFBC}") = "ZSZ.AdminWeb", "ZSZ.AdminWeb\ZSZ.AdminWeb.csproj", "{347CDA38-1F75-41A6-8B6D-DF76CAA5B962}"
EndProject
Project("{FAE04EC0-301F-11D3-BF4B-00C04F79EFBC}") = "ZSZ.FrontWeb", "ZSZ.FrontWeb\ZSZ.FrontWeb.csproj", "{45CC0C38-6BF5-4B66-B23D-05106B1F3D9E}"
EndProject
Project("{FAE04EC0-301F-11D3-BF4B-00C04F79EFBC}") = "ServiceTests", "ServiceTests\ServiceTests.csproj", "{55577503-CECD-4B21-920C-EA38EB333786}"
EndProject
Project("{FAE04EC0-301F-11D3-BF4B-00C04F79EFBC}") = "锁", "锁\锁.csproj", "{C67462E6-40EB-4E61-B465-9AA42283DDA3}"
EndProject
Project("{FAE04EC0-301F-11D3-BF4B-00C04F79EFBC}") = "QiuNiuTest", "QiuNiuTest\QiuNiuTest.csproj", "{DC6CF0BD-9404-48DE-86DC-3A33D4665EA4}"
EndProject
Project("{FAE04EC0-301F-11D3-BF4B-00C04F79EFBC}") = "Memcachedtest", "Memcachedtest\Memcachedtest.csproj", "{1534198A-2FDF-4952-AF1D-64F56149DF80}"
EndProject
Project("{FAE04EC0-301F-11D3-BF4B-00C04F79EFBC}") = "redistest", "redistest\redistest.csproj", "{8CDEA709-FB73-4E32-95E6-9D8290325263}"
EndProject
Project("{FAE04EC0-301F-11D3-BF4B-00C04F79EFBC}") = "viewRendertest", "viewRendertest\viewRendertest.csproj", "{CF64ED07-1E50-4778-9F26-467D63F56A4E}"
EndProject
Project("{FAE04EC0-301F-11D3-BF4B-00C04F79EFBC}") = "ElasticSearchTest", "ElasticSearchTest\ElasticSearchTest.csproj", "{FBDB9BC6-5625-48D0-8BDD-963E85E8D036}"
EndProject
Project("{FAE04EC0-301F-11D3-BF4B-00C04F79EFBC}") = "esTest2verycd", "esTest2verycd\esTest2verycd.csproj", "{A1AC13A7-6B7F-4258-ABF4-98F83BDAB759}"
EndProject
Global
	GlobalSection(SolutionConfigurationPlatforms) = preSolution
		Debug|Any CPU = Debug|Any CPU
		Release|Any CPU = Release|Any CPU
	EndGlobalSection
	GlobalSection(ProjectConfigurationPlatforms) = postSolution
		{FEAAB4C2-8429-4195-9AF3-B7B07B62AB7C}.Debug|Any CPU.ActiveCfg = Debug|Any CPU
		{FEAAB4C2-8429-4195-9AF3-B7B07B62AB7C}.Debug|Any CPU.Build.0 = Debug|Any CPU
		{FEAAB4C2-8429-4195-9AF3-B7B07B62AB7C}.Release|Any CPU.ActiveCfg = Release|Any CPU
		{FEAAB4C2-8429-4195-9AF3-B7B07B62AB7C}.Release|Any CPU.Build.0 = Release|Any CPU
		{3A031ABC-2F94-45A6-8A45-C807EFFCD00D}.Debug|Any CPU.ActiveCfg = Debug|Any CPU
		{3A031ABC-2F94-45A6-8A45-C807EFFCD00D}.Debug|Any CPU.Build.0 = Debug|Any CPU
		{3A031ABC-2F94-45A6-8A45-C807EFFCD00D}.Release|Any CPU.ActiveCfg = Release|Any CPU
		{3A031ABC-2F94-45A6-8A45-C807EFFCD00D}.Release|Any CPU.Build.0 = Release|Any CPU
		{E79F700B-794B-423C-9BC0-F53C23EE7D0C}.Debug|Any CPU.ActiveCfg = Debug|Any CPU
		{E79F700B-794B-423C-9BC0-F53C23EE7D0C}.Debug|Any CPU.Build.0 = Debug|Any CPU
		{E79F700B-794B-423C-9BC0-F53C23EE7D0C}.Release|Any CPU.ActiveCfg = Release|Any CPU
		{E79F700B-794B-423C-9BC0-F53C23EE7D0C}.Release|Any CPU.Build.0 = Release|Any CPU
		{0AB571D7-052D-463A-B7AB-3BEDF6C2BD13}.Debug|Any CPU.ActiveCfg = Debug|Any CPU
		{0AB571D7-052D-463A-B7AB-3BEDF6C2BD13}.Debug|Any CPU.Build.0 = Debug|Any CPU
		{0AB571D7-052D-463A-B7AB-3BEDF6C2BD13}.Release|Any CPU.ActiveCfg = Release|Any CPU
		{0AB571D7-052D-463A-B7AB-3BEDF6C2BD13}.Release|Any CPU.Build.0 = Release|Any CPU
		{70CA2579-33EB-40DC-977F-E462D941D6A6}.Debug|Any CPU.ActiveCfg = Debug|Any CPU
		{70CA2579-33EB-40DC-977F-E462D941D6A6}.Debug|Any CPU.Build.0 = Debug|Any CPU
		{70CA2579-33EB-40DC-977F-E462D941D6A6}.Release|Any CPU.ActiveCfg = Release|Any CPU
		{70CA2579-33EB-40DC-977F-E462D941D6A6}.Release|Any CPU.Build.0 = Release|Any CPU
		{2CF26244-6F50-46C1-BDFB-0E45DA1AD37F}.Debug|Any CPU.ActiveCfg = Debug|Any CPU
		{2CF26244-6F50-46C1-BDFB-0E45DA1AD37F}.Debug|Any CPU.Build.0 = Debug|Any CPU
		{2CF26244-6F50-46C1-BDFB-0E45DA1AD37F}.Release|Any CPU.ActiveCfg = Release|Any CPU
		{2CF26244-6F50-46C1-BDFB-0E45DA1AD37F}.Release|Any CPU.Build.0 = Release|Any CPU
		{7987BA7F-5FAF-4180-8139-1F8B39E0B61F}.Debug|Any CPU.ActiveCfg = Debug|Any CPU
		{7987BA7F-5FAF-4180-8139-1F8B39E0B61F}.Debug|Any CPU.Build.0 = Debug|Any CPU
		{7987BA7F-5FAF-4180-8139-1F8B39E0B61F}.Release|Any CPU.ActiveCfg = Release|Any CPU
		{7987BA7F-5FAF-4180-8139-1F8B39E0B61F}.Release|Any CPU.Build.0 = Release|Any CPU
		{3B56C4DD-C32D-4C1A-B417-F725FB691613}.Debug|Any CPU.ActiveCfg = Debug|Any CPU
		{3B56C4DD-C32D-4C1A-B417-F725FB691613}.Debug|Any CPU.Build.0 = Debug|Any CPU
		{3B56C4DD-C32D-4C1A-B417-F725FB691613}.Release|Any CPU.ActiveCfg = Release|Any CPU
		{3B56C4DD-C32D-4C1A-B417-F725FB691613}.Release|Any CPU.Build.0 = Release|Any CPU
		{717B9384-20C4-4659-9E69-A716F55F369F}.Debug|Any CPU.ActiveCfg = Debug|Any CPU
		{717B9384-20C4-4659-9E69-A716F55F369F}.Debug|Any CPU.Build.0 = Debug|Any CPU
		{717B9384-20C4-4659-9E69-A716F55F369F}.Release|Any CPU.ActiveCfg = Release|Any CPU
		{717B9384-20C4-4659-9E69-A716F55F369F}.Release|Any CPU.Build.0 = Release|Any CPU
		{42540699-23FB-4843-83E5-6C315DEE6E49}.Debug|Any CPU.ActiveCfg = Debug|Any CPU
		{42540699-23FB-4843-83E5-6C315DEE6E49}.Debug|Any CPU.Build.0 = Debug|Any CPU
		{42540699-23FB-4843-83E5-6C315DEE6E49}.Release|Any CPU.ActiveCfg = Release|Any CPU
		{42540699-23FB-4843-83E5-6C315DEE6E49}.Release|Any CPU.Build.0 = Release|Any CPU
		{D708C683-B731-46F6-B14E-49BD77593AC4}.Debug|Any CPU.ActiveCfg = Debug|Any CPU
		{D708C683-B731-46F6-B14E-49BD77593AC4}.Debug|Any CPU.Build.0 = Debug|Any CPU
		{D708C683-B731-46F6-B14E-49BD77593AC4}.Release|Any CPU.ActiveCfg = Release|Any CPU
		{D708C683-B731-46F6-B14E-49BD77593AC4}.Release|Any CPU.Build.0 = Release|Any CPU
		{CB498865-9605-41B8-9C50-D10814DB3F26}.Debug|Any CPU.ActiveCfg = Debug|Any CPU
		{CB498865-9605-41B8-9C50-D10814DB3F26}.Debug|Any CPU.Build.0 = Debug|Any CPU
		{CB498865-9605-41B8-9C50-D10814DB3F26}.Release|Any CPU.ActiveCfg = Release|Any CPU
		{CB498865-9605-41B8-9C50-D10814DB3F26}.Release|Any CPU.Build.0 = Release|Any CPU
		{12F4E364-8FEE-42A5-B00A-19F4F1DB6B15}.Debug|Any CPU.ActiveCfg = Debug|Any CPU
		{12F4E364-8FEE-42A5-B00A-19F4F1DB6B15}.Debug|Any CPU.Build.0 = Debug|Any CPU
		{12F4E364-8FEE-42A5-B00A-19F4F1DB6B15}.Release|Any CPU.ActiveCfg = Release|Any CPU
		{12F4E364-8FEE-42A5-B00A-19F4F1DB6B15}.Release|Any CPU.Build.0 = Release|Any CPU
		{B2E22975-2474-4E8D-A931-BEB28F8C19CE}.Debug|Any CPU.ActiveCfg = Debug|Any CPU
		{B2E22975-2474-4E8D-A931-BEB28F8C19CE}.Debug|Any CPU.Build.0 = Debug|Any CPU
		{B2E22975-2474-4E8D-A931-BEB28F8C19CE}.Release|Any CPU.ActiveCfg = Release|Any CPU
		{B2E22975-2474-4E8D-A931-BEB28F8C19CE}.Release|Any CPU.Build.0 = Release|Any CPU
		{20808B7B-F6B0-4B1B-90F1-3290608F83B6}.Debug|Any CPU.ActiveCfg = Debug|Any CPU
		{20808B7B-F6B0-4B1B-90F1-3290608F83B6}.Debug|Any CPU.Build.0 = Debug|Any CPU
		{20808B7B-F6B0-4B1B-90F1-3290608F83B6}.Release|Any CPU.ActiveCfg = Release|Any CPU
		{20808B7B-F6B0-4B1B-90F1-3290608F83B6}.Release|Any CPU.Build.0 = Release|Any CPU
		{347CDA38-1F75-41A6-8B6D-DF76CAA5B962}.Debug|Any CPU.ActiveCfg = Debug|Any CPU
		{347CDA38-1F75-41A6-8B6D-DF76CAA5B962}.Debug|Any CPU.Build.0 = Debug|Any CPU
		{347CDA38-1F75-41A6-8B6D-DF76CAA5B962}.Release|Any CPU.ActiveCfg = Release|Any CPU
		{347CDA38-1F75-41A6-8B6D-DF76CAA5B962}.Release|Any CPU.Build.0 = Release|Any CPU
		{45CC0C38-6BF5-4B66-B23D-05106B1F3D9E}.Debug|Any CPU.ActiveCfg = Debug|Any CPU
		{45CC0C38-6BF5-4B66-B23D-05106B1F3D9E}.Debug|Any CPU.Build.0 = Debug|Any CPU
		{45CC0C38-6BF5-4B66-B23D-05106B1F3D9E}.Release|Any CPU.ActiveCfg = Release|Any CPU
		{45CC0C38-6BF5-4B66-B23D-05106B1F3D9E}.Release|Any CPU.Build.0 = Release|Any CPU
		{55577503-CECD-4B21-920C-EA38EB333786}.Debug|Any CPU.ActiveCfg = Debug|Any CPU
		{55577503-CECD-4B21-920C-EA38EB333786}.Debug|Any CPU.Build.0 = Debug|Any CPU
		{55577503-CECD-4B21-920C-EA38EB333786}.Release|Any CPU.ActiveCfg = Release|Any CPU
		{55577503-CECD-4B21-920C-EA38EB333786}.Release|Any CPU.Build.0 = Release|Any CPU
		{C67462E6-40EB-4E61-B465-9AA42283DDA3}.Debug|Any CPU.ActiveCfg = Debug|Any CPU
		{C67462E6-40EB-4E61-B465-9AA42283DDA3}.Debug|Any CPU.Build.0 = Debug|Any CPU
		{C67462E6-40EB-4E61-B465-9AA42283DDA3}.Release|Any CPU.ActiveCfg = Release|Any CPU
		{C67462E6-40EB-4E61-B465-9AA42283DDA3}.Release|Any CPU.Build.0 = Release|Any CPU
		{DC6CF0BD-9404-48DE-86DC-3A33D4665EA4}.Debug|Any CPU.ActiveCfg = Debug|Any CPU
		{DC6CF0BD-9404-48DE-86DC-3A33D4665EA4}.Debug|Any CPU.Build.0 = Debug|Any CPU
		{DC6CF0BD-9404-48DE-86DC-3A33D4665EA4}.Release|Any CPU.ActiveCfg = Release|Any CPU
		{DC6CF0BD-9404-48DE-86DC-3A33D4665EA4}.Release|Any CPU.Build.0 = Release|Any CPU
		{1534198A-2FDF-4952-AF1D-64F56149DF80}.Debug|Any CPU.ActiveCfg = Debug|Any CPU
		{1534198A-2FDF-4952-AF1D-64F56149DF80}.Debug|Any CPU.Build.0 = Debug|Any CPU
		{1534198A-2FDF-4952-AF1D-64F56149DF80}.Release|Any CPU.ActiveCfg = Release|Any CPU
		{1534198A-2FDF-4952-AF1D-64F56149DF80}.Release|Any CPU.Build.0 = Release|Any CPU
		{8CDEA709-FB73-4E32-95E6-9D8290325263}.Debug|Any CPU.ActiveCfg = Debug|Any CPU
		{8CDEA709-FB73-4E32-95E6-9D8290325263}.Debug|Any CPU.Build.0 = Debug|Any CPU
		{8CDEA709-FB73-4E32-95E6-9D8290325263}.Release|Any CPU.ActiveCfg = Release|Any CPU
		{8CDEA709-FB73-4E32-95E6-9D8290325263}.Release|Any CPU.Build.0 = Release|Any CPU
		{CF64ED07-1E50-4778-9F26-467D63F56A4E}.Debug|Any CPU.ActiveCfg = Debug|Any CPU
		{CF64ED07-1E50-4778-9F26-467D63F56A4E}.Debug|Any CPU.Build.0 = Debug|Any CPU
		{CF64ED07-1E50-4778-9F26-467D63F56A4E}.Release|Any CPU.ActiveCfg = Release|Any CPU
		{CF64ED07-1E50-4778-9F26-467D63F56A4E}.Release|Any CPU.Build.0 = Release|Any CPU
		{FBDB9BC6-5625-48D0-8BDD-963E85E8D036}.Debug|Any CPU.ActiveCfg = Debug|Any CPU
		{FBDB9BC6-5625-48D0-8BDD-963E85E8D036}.Debug|Any CPU.Build.0 = Debug|Any CPU
		{FBDB9BC6-5625-48D0-8BDD-963E85E8D036}.Release|Any CPU.ActiveCfg = Release|Any CPU
		{FBDB9BC6-5625-48D0-8BDD-963E85E8D036}.Release|Any CPU.Build.0 = Release|Any CPU
		{A1AC13A7-6B7F-4258-ABF4-98F83BDAB759}.Debug|Any CPU.ActiveCfg = Debug|Any CPU
		{A1AC13A7-6B7F-4258-ABF4-98F83BDAB759}.Debug|Any CPU.Build.0 = Debug|Any CPU
		{A1AC13A7-6B7F-4258-ABF4-98F83BDAB759}.Release|Any CPU.ActiveCfg = Release|Any CPU
		{A1AC13A7-6B7F-4258-ABF4-98F83BDAB759}.Release|Any CPU.Build.0 = Release|Any CPU
	EndGlobalSection
	GlobalSection(SolutionProperties) = preSolution
		HideSolutionNode = FALSE
	EndGlobalSection
	GlobalSection(NestedProjects) = preSolution
		{2CF26244-6F50-46C1-BDFB-0E45DA1AD37F} = {35279376-5BB5-4B31-8B0C-868121CC24B4}
		{7987BA7F-5FAF-4180-8139-1F8B39E0B61F} = {35279376-5BB5-4B31-8B0C-868121CC24B4}
		{3B56C4DD-C32D-4C1A-B417-F725FB691613} = {35279376-5BB5-4B31-8B0C-868121CC24B4}
		{D708C683-B731-46F6-B14E-49BD77593AC4} = {E5802EC3-F021-4F69-B02C-E6FAB37D7E7D}
		{CB498865-9605-41B8-9C50-D10814DB3F26} = {E5802EC3-F021-4F69-B02C-E6FAB37D7E7D}
		{55577503-CECD-4B21-920C-EA38EB333786} = {E5802EC3-F021-4F69-B02C-E6FAB37D7E7D}
		{C67462E6-40EB-4E61-B465-9AA42283DDA3} = {35279376-5BB5-4B31-8B0C-868121CC24B4}
		{DC6CF0BD-9404-48DE-86DC-3A33D4665EA4} = {35279376-5BB5-4B31-8B0C-868121CC24B4}
		{1534198A-2FDF-4952-AF1D-64F56149DF80} = {35279376-5BB5-4B31-8B0C-868121CC24B4}
		{8CDEA709-FB73-4E32-95E6-9D8290325263} = {35279376-5BB5-4B31-8B0C-868121CC24B4}
		{CF64ED07-1E50-4778-9F26-467D63F56A4E} = {35279376-5BB5-4B31-8B0C-868121CC24B4}
		{FBDB9BC6-5625-48D0-8BDD-963E85E8D036} = {35279376-5BB5-4B31-8B0C-868121CC24B4}
		{A1AC13A7-6B7F-4258-ABF4-98F83BDAB759} = {35279376-5BB5-4B31-8B0C-868121CC24B4}
	EndGlobalSection
EndGlobal
